
Microsoft Visual Studio Solution File, Format Version 12.00
Project("{FAE04EC0-301F-11D3-BF4B-00C04F79EFBC}") = "Server", "Server\Server.csproj", "{DFEE7B84-E274-481F-AE82-2D0777B79B3A}"
EndProject
Global
	GlobalSection(SolutionConfigurationPlatforms) = preSolution
		Debug|Any CPU = Debug|Any CPU
		Release|Any CPU = Release|Any CPU
	EndGlobalSection
	GlobalSection(ProjectConfigurationPlatforms) = postSolution
		{DFEE7B84-E274-481F-AE82-2D0777B79B3A}.Debug|Any CPU.ActiveCfg = Debug|Any CPU
		{DFEE7B84-E274-481F-AE82-2D0777B79B3A}.Debug|Any CPU.Build.0 = Debug|Any CPU
		{DFEE7B84-E274-481F-AE82-2D0777B79B3A}.Release|Any CPU.ActiveCfg = Release|Any CPU
		{DFEE7B84-E274-481F-AE82-2D0777B79B3A}.Release|Any CPU.Build.0 = Release|Any CPU
	EndGlobalSection
EndGlobal
